# This file is generated by running "yarn install" inside your project.
# Manual changes might be lost - proceed with caution!

__metadata:
  version: 8
  cacheKey: 10c0

"@gerrit0/mini-shiki@npm:^3.17.0":
  version: 3.21.0
  resolution: "@gerrit0/mini-shiki@npm:3.21.0"
  dependencies:
    "@shikijs/engine-oniguruma": "npm:^3.21.0"
    "@shikijs/langs": "npm:^3.21.0"
    "@shikijs/themes": "npm:^3.21.0"
    "@shikijs/types": "npm:^3.21.0"
    "@shikijs/vscode-textmate": "npm:^10.0.2"
  checksum: 10c0/4045d19854abfa4515381a04af07096c1de07471b029ee090375652d0199ed3fed6165a22bd9f8e8250c609124d8c05f5d4604eb6de87cf13513aa89cfb8d14e
  languageName: node
  linkType: hard

"@joo/react-ts@workspace:frontend/react-ts":
  version: 0.0.0-use.local
  resolution: "@joo/react-ts@workspace:frontend/react-ts"
  dependencies:
    "@types/react": "npm:^19.1.4"
    "@types/react-dom": "npm:^19.1.4"
    react: "npm:^19.1.4"
    react-dom: "npm:^19.1.4"
    react-router: "npm:^7.12.0"
    typescript: "npm:^5.0.0"
  peerDependencies:
    react: ^19.1.4
    react-dom: ^19.1.4
  languageName: unknown
  linkType: soft

"@joo/shared-js@workspace:shared/js":
  version: 0.0.0-use.local
  resolution: "@joo/shared-js@workspace:shared/js"
  languageName: unknown
  linkType: soft

"@joo/shared-ts@workspace:shared/ts":
  version: 0.0.0-use.local
  resolution: "@joo/shared-ts@workspace:shared/ts"
  languageName: unknown
  linkType: soft

"@shikijs/engine-oniguruma@npm:^3.21.0":
  version: 3.21.0
  resolution: "@shikijs/engine-oniguruma@npm:3.21.0"
  dependencies:
    "@shikijs/types": "npm:3.21.0"
    "@shikijs/vscode-textmate": "npm:^10.0.2"
  checksum: 10c0/cb17c034b04e1333f90f267081b7fac0b53e56031f7d067723363a72cdbdf79e567dea216bbcae38a6d4b910570c2dd60a953ca941f4834768c0bb721131af5f
  languageName: node
  linkType: hard

"@shikijs/langs@npm:^3.21.0":
  version: 3.21.0
  resolution: "@shikijs/langs@npm:3.21.0"
  dependencies:
    "@shikijs/types": "npm:3.21.0"
  checksum: 10c0/79cfc2b8ac1f5c938bfb18db6233f86ca96948970068c2cc94559e30abac2036c35a2ae52015d07f72b6decfd6b2ae86321f9547ae0f994b6131e362781fbf1f
  languageName: node
  linkType: hard

"@shikijs/themes@npm:^3.21.0":
  version: 3.21.0
  resolution: "@shikijs/themes@npm:3.21.0"
  dependencies:
    "@shikijs/types": "npm:3.21.0"
  checksum: 10c0/f128a874231d84d93e16f347557e844c2b6493b41196b52e36a79874598abe2dbf3ee981dfe52dd09f8d7e21ed4ff41ab03c28de7a21313d9a0b691fbd3690c0
  languageName: node
  linkType: hard

"@shikijs/types@npm:3.21.0, @shikijs/types@npm:^3.21.0":
  version: 3.21.0
  resolution: "@shikijs/types@npm:3.21.0"
  dependencies:
    "@shikijs/vscode-textmate": "npm:^10.0.2"
    "@types/hast": "npm:^3.0.4"
  checksum: 10c0/a86038c7ad10bb8104ea07cfa0dddf1e0646cf3b70a382978939c6144b21e5891395f5e705b7393476320f6196d86c6d8cd7ad6b3e1b356eb6a7e40c298c98f3
  languageName: node
  linkType: hard

"@shikijs/vscode-textmate@npm:^10.0.2":
  version: 10.0.2
  resolution: "@shikijs/vscode-textmate@npm:10.0.2"
  checksum: 10c0/36b682d691088ec244de292dc8f91b808f95c89466af421cf84cbab92230f03c8348649c14b3251991b10ce632b0c715e416e992dd5f28ff3221dc2693fd9462
  languageName: node
  linkType: hard

"@types/hast@npm:^3.0.4":
  version: 3.0.4
  resolution: "@types/hast@npm:3.0.4"
  dependencies:
    "@types/unist": "npm:*"
  checksum: 10c0/3249781a511b38f1d330fd1e3344eed3c4e7ea8eff82e835d35da78e637480d36fad37a78be5a7aed8465d237ad0446abc1150859d0fde395354ea634decf9f7
  languageName: node
  linkType: hard

"@types/react-dom@npm:^19.1.4":
  version: 19.2.3
  resolution: "@types/react-dom@npm:19.2.3"
  peerDependencies:
    "@types/react": ^19.2.0
  checksum: 10c0/b486ebe0f4e2fb35e2e108df1d8fc0927ca5d6002d5771e8a739de11239fe62d0e207c50886185253c99eb9dedfeeb956ea7429e5ba17f6693c7acb4c02f8cd1
  languageName: node
  linkType: hard

"@types/react@npm:^19.1.4":
  version: 19.2.7
  resolution: "@types/react@npm:19.2.7"
  dependencies:
    csstype: "npm:^3.2.2"
  checksum: 10c0/a7b75f1f9fcb34badd6f84098be5e35a0aeca614bc91f93d2698664c0b2ba5ad128422bd470ada598238cebe4f9e604a752aead7dc6f5a92261d0c7f9b27cfd1
  languageName: node
  linkType: hard

"@types/unist@npm:*":
  version: 3.0.3
  resolution: "@types/unist@npm:3.0.3"
  checksum: 10c0/2b1e4adcab78388e088fcc3c0ae8700f76619dbcb4741d7d201f87e2cb346bfc29a89003cfea2d76c996e1061452e14fcd737e8b25aacf949c1f2d6b2bc3dd60
  languageName: node
  linkType: hard

"argparse@npm:^2.0.1":
  version: 2.0.1
  resolution: "argparse@npm:2.0.1"
  checksum: 10c0/c5640c2d89045371c7cedd6a70212a04e360fd34d6edeae32f6952c63949e3525ea77dbec0289d8213a99bbaeab5abfa860b5c12cf88a2e6cf8106e90dd27a7e
  languageName: node
  linkType: hard

"balanced-match@npm:^1.0.0":
  version: 1.0.2
  resolution: "balanced-match@npm:1.0.2"
  checksum: 10c0/9308baf0a7e4838a82bbfd11e01b1cb0f0cf2893bc1676c27c2a8c0e70cbae1c59120c3268517a8ae7fb6376b4639ef81ca22582611dbee4ed28df945134aaee
  languageName: node
  linkType: hard

"brace-expansion@npm:^2.0.1":
  version: 2.0.2
  resolution: "brace-expansion@npm:2.0.2"
  dependencies:
    balanced-match: "npm:^1.0.0"
  checksum: 10c0/6d117a4c793488af86b83172deb6af143e94c17bc53b0b3cec259733923b4ca84679d506ac261f4ba3c7ed37c46018e2ff442f9ce453af8643ecd64f4a54e6cf
  languageName: node
  linkType: hard

"cookie@npm:^1.0.1":
  version: 1.1.1
  resolution: "cookie@npm:1.1.1"
  checksum: 10c0/79c4ddc0fcad9c4f045f826f42edf54bcc921a29586a4558b0898277fa89fb47be95bc384c2253f493af7b29500c830da28341274527328f18eba9f58afa112c
  languageName: node
  linkType: hard

"csstype@npm:^3.2.2":
  version: 3.2.3
  resolution: "csstype@npm:3.2.3"
  checksum: 10c0/cd29c51e70fa822f1cecd8641a1445bed7063697469d35633b516e60fe8c1bde04b08f6c5b6022136bb669b64c63d4173af54864510fbb4ee23281801841a3ce
  languageName: node
  linkType: hard

"entities@npm:^4.4.0":
  version: 4.5.0
  resolution: "entities@npm:4.5.0"
  checksum: 10c0/5b039739f7621f5d1ad996715e53d964035f75ad3b9a4d38c6b3804bb226e282ffeae2443624d8fdd9c47d8e926ae9ac009c54671243f0c3294c26af7cc85250
  languageName: node
  linkType: hard

"joo-code@workspace:.":
  version: 0.0.0-use.local
  resolution: "joo-code@workspace:."
  dependencies:
    typedoc: "npm:^0.28.15"
    typedoc-plugin-markdown: "npm:^4.9.0"
    typescript: "npm:^5.9.3"
  languageName: unknown
  linkType: soft

"linkify-it@npm:^5.0.0":
  version: 5.0.0
  resolution: "linkify-it@npm:5.0.0"
  dependencies:
    uc.micro: "npm:^2.0.0"
  checksum: 10c0/ff4abbcdfa2003472fc3eb4b8e60905ec97718e11e33cca52059919a4c80cc0e0c2a14d23e23d8c00e5402bc5a885cdba8ca053a11483ab3cc8b3c7a52f88e2d
  languageName: node
  linkType: hard

"lunr@npm:^2.3.9":
  version: 2.3.9
  resolution: "lunr@npm:2.3.9"
  checksum: 10c0/77d7dbb4fbd602aac161e2b50887d8eda28c0fa3b799159cee380fbb311f1e614219126ecbbd2c3a9c685f1720a8109b3c1ca85cc893c39b6c9cc6a62a1d8a8b
  languageName: node
  linkType: hard

"markdown-it@npm:^14.1.0":
  version: 14.1.0
  resolution: "markdown-it@npm:14.1.0"
  dependencies:
    argparse: "npm:^2.0.1"
    entities: "npm:^4.4.0"
    linkify-it: "npm:^5.0.0"
    mdurl: "npm:^2.0.0"
    punycode.js: "npm:^2.3.1"
    uc.micro: "npm:^2.1.0"
  bin:
    markdown-it: bin/markdown-it.mjs
  checksum: 10c0/9a6bb444181d2db7016a4173ae56a95a62c84d4cbfb6916a399b11d3e6581bf1cc2e4e1d07a2f022ae72c25f56db90fbe1e529fca16fbf9541659dc53480d4b4
  languageName: node
  linkType: hard

"mdurl@npm:^2.0.0":
  version: 2.0.0
  resolution: "mdurl@npm:2.0.0"
  checksum: 10c0/633db522272f75ce4788440669137c77540d74a83e9015666a9557a152c02e245b192edc20bc90ae953bbab727503994a53b236b4d9c99bdaee594d0e7dd2ce0
  languageName: node
  linkType: hard

"minimatch@npm:^9.0.5":
  version: 9.0.5
  resolution: "minimatch@npm:9.0.5"
  dependencies:
    brace-expansion: "npm:^2.0.1"
  checksum: 10c0/de96cf5e35bdf0eab3e2c853522f98ffbe9a36c37797778d2665231ec1f20a9447a7e567cb640901f89e4daaa95ae5d70c65a9e8aa2bb0019b6facbc3c0575ed
  languageName: node
  linkType: hard

"punycode.js@npm:^2.3.1":
  version: 2.3.1
  resolution: "punycode.js@npm:2.3.1"
  checksum: 10c0/1d12c1c0e06127fa5db56bd7fdf698daf9a78104456a6b67326877afc21feaa821257b171539caedd2f0524027fa38e67b13dd094159c8d70b6d26d2bea4dfdb
  languageName: node
  linkType: hard

"react-dom@npm:^19.1.4":
  version: 19.2.3
  resolution: "react-dom@npm:19.2.3"
  dependencies:
    scheduler: "npm:^0.27.0"
  peerDependencies:
    react: ^19.2.3
  checksum: 10c0/dc43f7ede06f46f3acc16ee83107c925530de9b91d1d0b3824583814746ff4c498ea64fd65cd83aba363205268adff52e2827c582634ae7b15069deaeabc4892
  languageName: node
  linkType: hard

"react-router@npm:^7.12.0":
  version: 7.12.0
  resolution: "react-router@npm:7.12.0"
  dependencies:
    cookie: "npm:^1.0.1"
    set-cookie-parser: "npm:^2.6.0"
  peerDependencies:
    react: ">=18"
    react-dom: ">=18"
  peerDependenciesMeta:
    react-dom:
      optional: true
  checksum: 10c0/abde366f716cb3961a5a390c278375c0591bace5773e1b4420001f0a913b4dd53d490e7dea866acebcac2c0fa07378aa83702769d449449027406ed517a8ea00
  languageName: node
  linkType: hard

"react@npm:^19.1.4":
  version: 19.2.3
  resolution: "react@npm:19.2.3"
  checksum: 10c0/094220b3ba3a76c1b668f972ace1dd15509b157aead1b40391d1c8e657e720c201d9719537375eff08f5e0514748c0319063392a6f000e31303aafc4471f1436
  languageName: node
  linkType: hard

"scheduler@npm:^0.27.0":
  version: 0.27.0
  resolution: "scheduler@npm:0.27.0"
  checksum: 10c0/4f03048cb05a3c8fddc45813052251eca00688f413a3cee236d984a161da28db28ba71bd11e7a3dd02f7af84ab28d39fb311431d3b3772fed557945beb00c452
  languageName: node
  linkType: hard

"set-cookie-parser@npm:^2.6.0":
  version: 2.7.2
  resolution: "set-cookie-parser@npm:2.7.2"
  checksum: 10c0/4381a9eb7ee951dfe393fe7aacf76b9a3b4e93a684d2162ab35594fa4053cc82a4d7d7582bf397718012c9adcf839b8cd8f57c6c42901ea9effe33c752da4a45
  languageName: node
  linkType: hard

"typedoc-plugin-markdown@npm:^4.9.0":
  version: 4.9.0
  resolution: "typedoc-plugin-markdown@npm:4.9.0"
  peerDependencies:
    typedoc: 0.28.x
  checksum: 10c0/12040bbff7bc7e4f777d06710e39421f8ebaaf706f4b8075536453f35bc86726c5ce743de0cc9c39ee1bdfc8611b2878a4cf4c83a493e0678fc640dd71fe97fc
  languageName: node
  linkType: hard

"typedoc@npm:^0.28.15":
  version: 0.28.15
  resolution: "typedoc@npm:0.28.15"
  dependencies:
    "@gerrit0/mini-shiki": "npm:^3.17.0"
    lunr: "npm:^2.3.9"
    markdown-it: "npm:^14.1.0"
    minimatch: "npm:^9.0.5"
    yaml: "npm:^2.8.1"
  peerDependencies:
    typescript: 5.0.x || 5.1.x || 5.2.x || 5.3.x || 5.4.x || 5.5.x || 5.6.x || 5.7.x || 5.8.x || 5.9.x
  bin:
    typedoc: bin/typedoc
  checksum: 10c0/b5988ebebb367fed44f110bbd37baee85fe95fe10c8d5a511c33d787eb1e924e66ba54cb0763d63ed2c406adbd32fcb87bcbc3fd61b0bc8ab6f3a6c06f2de978
  languageName: node
  linkType: hard

"typescript@npm:^5.0.0, typescript@npm:^5.9.3":
  version: 5.9.3
  resolution: "typescript@npm:5.9.3"
  bin:
    tsc: bin/tsc
    tsserver: bin/tsserver
  checksum: 10c0/6bd7552ce39f97e711db5aa048f6f9995b53f1c52f7d8667c1abdc1700c68a76a308f579cd309ce6b53646deb4e9a1be7c813a93baaf0a28ccd536a30270e1c5
  languageName: node
  linkType: hard

"typescript@patch:typescript@npm%3A^5.0.0#optional!builtin<compat/typescript>, typescript@patch:typescript@npm%3A^5.9.3#optional!builtin<compat/typescript>":
  version: 5.9.3
  resolution: "typescript@patch:typescript@npm%3A5.9.3#optional!builtin<compat/typescript>::version=5.9.3&hash=5786d5"
  bin:
    tsc: bin/tsc
    tsserver: bin/tsserver
  checksum: 10c0/ad09fdf7a756814dce65bc60c1657b40d44451346858eea230e10f2e95a289d9183b6e32e5c11e95acc0ccc214b4f36289dcad4bf1886b0adb84d711d336a430
  languageName: node
  linkType: hard

"uc.micro@npm:^2.0.0, uc.micro@npm:^2.1.0":
  version: 2.1.0
  resolution: "uc.micro@npm:2.1.0"
  checksum: 10c0/8862eddb412dda76f15db8ad1c640ccc2f47cdf8252a4a30be908d535602c8d33f9855dfcccb8b8837855c1ce1eaa563f7fa7ebe3c98fd0794351aab9b9c55fa
  languageName: node
  linkType: hard

"yaml@npm:^2.8.1":
  version: 2.8.2
  resolution: "yaml@npm:2.8.2"
  bin:
    yaml: bin.mjs
  checksum: 10c0/703e4dc1e34b324aa66876d63618dcacb9ed49f7e7fe9b70f1e703645be8d640f68ab84f12b86df8ac960bac37acf5513e115de7c970940617ce0343c8c9cd96
  languageName: node
  linkType: hard
